
Microsoft Visual Studio Solution File, Format Version 12.00
# Visual Studio Version 16
VisualStudioVersion = 16.0.29728.190
MinimumVisualStudioVersion = 10.0.40219.1
Project("{FAE04EC0-301F-11D3-BF4B-00C04F79EFBC}") = "Programming Project 2 - PSI", "Programming Project 2 - PSI\Programming Project 2 - PSI.csproj", "{BD1B5F47-E35A-407B-91A3-1249CF06A430}"
EndProject
Global
	GlobalSection(SolutionConfigurationPlatforms) = preSolution
		Debug|Any CPU = Debug|Any CPU
		Release|Any CPU = Release|Any CPU
	EndGlobalSection
	GlobalSection(ProjectConfigurationPlatforms) = postSolution
		{BD1B5F47-E35A-407B-91A3-1249CF06A430}.Debug|Any CPU.ActiveCfg = Debug|Any CPU
		{BD1B5F47-E35A-407B-91A3-1249CF06A430}.Debug|Any CPU.Build.0 = Debug|Any CPU
		{BD1B5F47-E35A-407B-91A3-1249CF06A430}.Release|Any CPU.ActiveCfg = Release|Any CPU
		{BD1B5F47-E35A-407B-91A3-1249CF06A430}.Release|Any CPU.Build.0 = Release|Any CPU
	EndGlobalSection
	GlobalSection(SolutionProperties) = preSolution
		HideSolutionNode = FALSE
	EndGlobalSection
	GlobalSection(ExtensibilityGlobals) = postSolution
		SolutionGuid = {73EC01F1-F6FB-4750-92EA-E5D25CF9C448}
	EndGlobalSection
EndGlobal
